
Microsoft Visual Studio Solution File, Format Version 12.00
# Visual Studio Version 16
Project("{8BC9CEB8-8B4A-11D0-8D11-00A0C91BC942}") = "SpeedCube", "SpeedCube\SpeedCube.vcxproj", "{959ECD64-0109-82DB-4A47-3381B6F05F30}"
EndProject
Project("{8BC9CEB8-8B4A-11D0-8D11-00A0C91BC942}") = "Crynn", "Crynn.vcxproj", "{6FFEFB0C-DB12-24BE-A494-C71D106820EF}"
EndProject
Global
	GlobalSection(SolutionConfigurationPlatforms) = preSolution
		Debug|Win32 = Debug|Win32
		Dist|Win32 = Dist|Win32
		Release|Win32 = Release|Win32
	EndGlobalSection
	GlobalSection(ProjectConfigurationPlatforms) = postSolution
		{959ECD64-0109-82DB-4A47-3381B6F05F30}.Debug|Win32.ActiveCfg = Debug|Win32
		{959ECD64-0109-82DB-4A47-3381B6F05F30}.Debug|Win32.Build.0 = Debug|Win32
		{959ECD64-0109-82DB-4A47-3381B6F05F30}.Dist|Win32.ActiveCfg = Dist|Win32
		{959ECD64-0109-82DB-4A47-3381B6F05F30}.Dist|Win32.Build.0 = Dist|Win32
		{959ECD64-0109-82DB-4A47-3381B6F05F30}.Release|Win32.ActiveCfg = Release|Win32
		{959ECD64-0109-82DB-4A47-3381B6F05F30}.Release|Win32.Build.0 = Release|Win32
		{6FFEFB0C-DB12-24BE-A494-C71D106820EF}.Debug|Win32.ActiveCfg = Debug|Win32
		{6FFEFB0C-DB12-24BE-A494-C71D106820EF}.Debug|Win32.Build.0 = Debug|Win32
		{6FFEFB0C-DB12-24BE-A494-C71D106820EF}.Dist|Win32.ActiveCfg = Dist|Win32
		{6FFEFB0C-DB12-24BE-A494-C71D106820EF}.Dist|Win32.Build.0 = Dist|Win32
		{6FFEFB0C-DB12-24BE-A494-C71D106820EF}.Release|Win32.ActiveCfg = Release|Win32
		{6FFEFB0C-DB12-24BE-A494-C71D106820EF}.Release|Win32.Build.0 = Release|Win32
	EndGlobalSection
	GlobalSection(SolutionProperties) = preSolution
		HideSolutionNode = FALSE
	EndGlobalSection
EndGlobal
